
Microsoft Visual Studio Solution File, Format Version 12.00
# Visual Studio Version 17
VisualStudioVersion = 17.0.31903.59
MinimumVisualStudioVersion = 10.0.40219.1
Project("{FAE04EC0-301F-11D3-BF4B-00C04F79EFBC}") = "WebAppSysEgg", "WebAppSysEgg\WebAppSysEgg.csproj", "{01839DE8-A517-4457-9CC2-7E1C1413B1B6}"
EndProject
Global
	GlobalSection(SolutionConfigurationPlatforms) = preSolution
		Debug|Any CPU = Debug|Any CPU
		Release|Any CPU = Release|Any CPU
	EndGlobalSection
	GlobalSection(ProjectConfigurationPlatforms) = postSolution
		{01839DE8-A517-4457-9CC2-7E1C1413B1B6}.Debug|Any CPU.ActiveCfg = Debug|Any CPU
		{01839DE8-A517-4457-9CC2-7E1C1413B1B6}.Debug|Any CPU.Build.0 = Debug|Any CPU
		{01839DE8-A517-4457-9CC2-7E1C1413B1B6}.Release|Any CPU.ActiveCfg = Release|Any CPU
		{01839DE8-A517-4457-9CC2-7E1C1413B1B6}.Release|Any CPU.Build.0 = Release|Any CPU
	EndGlobalSection
	GlobalSection(SolutionProperties) = preSolution
		HideSolutionNode = FALSE
	EndGlobalSection
	GlobalSection(ExtensibilityGlobals) = postSolution
		SolutionGuid = {CE31A1A3-9184-441B-BFFB-27A74D8927D5}
	EndGlobalSection
EndGlobal
